
Microsoft Visual Studio Solution File, Format Version 11.00
# Visual Studio 2010
Project("{2150E333-8FDC-42A3-9474-1A3956D46DE8}") = "02_TMall.Service", "02_TMall.Service", "{AA0A7228-FDB5-4297-BA98-0CB9BDB2EF57}"
EndProject
Project("{2150E333-8FDC-42A3-9474-1A3956D46DE8}") = "01_TMall.WebSite", "01_TMall.WebSite", "{38FF4846-B017-4798-A488-A76838990EEC}"
EndProject
Project("{2150E333-8FDC-42A3-9474-1A3956D46DE8}") = "02_TMall.ManageSite", "02_TMall.ManageSite", "{DF87EC6A-03FF-486D-9A11-EFB61AC746DB}"
EndProject
Project("{2150E333-8FDC-42A3-9474-1A3956D46DE8}") = "04_TMall.Infrastructure", "04_TMall.Infrastructure", "{CFEBC966-E50B-4F32-9033-97B28E03B9E6}"
EndProject
Project("{2150E333-8FDC-42A3-9474-1A3956D46DE8}") = "05_TMall.Framework", "05_TMall.Framework", "{B98F5578-4D62-4965-BCBA-E142C9A4B87A}"
EndProject
Project("{2150E333-8FDC-42A3-9474-1A3956D46DE8}") = "08_TMall.DesignResources", "08_TMall.DesignResources", "{01B19A85-E8CA-4E80-B52B-83BCBBB3AE46}"
EndProject
Project("{2150E333-8FDC-42A3-9474-1A3956D46DE8}") = "07_TMall.UnitTest", "07_TMall.UnitTest", "{A5B51718-2DCD-4171-955F-D6C6A43B6705}"
EndProject
Project("{FAE04EC0-301F-11D3-BF4B-00C04F79EFBC}") = "TMall.UI.ManageSite", "TMall.UI.Portal\TMall.ManageSite\TMall.UI.ManageSite\TMall.UI.ManageSite.csproj", "{EB0C3C0A-9AF0-40DA-8090-AAC1F58937A6}"
EndProject
Project("{FAE04EC0-301F-11D3-BF4B-00C04F79EFBC}") = "TMall.ManageSite.Controllers", "TMall.UI.Portal\TMall.ManageSite\TMall.ManageSite.Controllers\TMall.ManageSite.Controllers.csproj", "{B97F65B2-3833-49CA-ABA1-989C48A85B6E}"
EndProject
Project("{FAE04EC0-301F-11D3-BF4B-00C04F79EFBC}") = "TMall.ManageSite.IBizProcess", "TMall.UI.Portal\TMall.ManageSite\TMall.ManageSite.IBizProcess\TMall.ManageSite.IBizProcess.csproj", "{F75CD6F8-7CBA-4908-A39A-E28857155364}"
EndProject
Project("{FAE04EC0-301F-11D3-BF4B-00C04F79EFBC}") = "TMall.ManageSite.BizProcess", "TMall.UI.Portal\TMall.ManageSite\TMall.ManageSite.BizProcess\TMall.ManageSite.BizProcess.csproj", "{7A61F007-E25C-4337-81CE-FF946C5B72BE}"
EndProject
Project("{FAE04EC0-301F-11D3-BF4B-00C04F79EFBC}") = "TMall.ManageSite.ViewModel", "TMall.UI.Portal\TMall.ManageSite\TMall.ManageSite.ViewModel\TMall.ManageSite.ViewModel.csproj", "{EFCFB176-E186-465D-BA17-6440042A6E6A}"
EndProject
Project("{FAE04EC0-301F-11D3-BF4B-00C04F79EFBC}") = "TMall.Infrastructure.Utility", "TMall.Infrastructure\TMall.Infrastructure.Utility\TMall.Infrastructure.Utility.csproj", "{B0835930-71A2-47A6-B1BA-15C424C6F4D7}"
EndProject
Project("{FAE04EC0-301F-11D3-BF4B-00C04F79EFBC}") = "TMall.Framework.Logging", "TMall.Framework\TMall.Framework.Logging\TMall.Framework.Logging.csproj", "{97990509-8D76-4981-B14C-3E98388EA1ED}"
EndProject
Project("{FAE04EC0-301F-11D3-BF4B-00C04F79EFBC}") = "TMall.Framework.Caching", "TMall.Framework\TMall.Framework.Caching\TMall.Framework.Caching.csproj", "{5FBA92ED-D727-4129-91F9-69429F6E15D6}"
EndProject
Project("{FAE04EC0-301F-11D3-BF4B-00C04F79EFBC}") = "TMall.Framework.ExceptionHanding", "TMall.Framework\TMall.Framework.ExceptionHanding\TMall.Framework.ExceptionHanding.csproj", "{411B4591-1017-4E29-8D98-A3F4E3B28550}"
EndProject
Project("{FAE04EC0-301F-11D3-BF4B-00C04F79EFBC}") = "TMall.Framework.Configuration", "TMall.Framework\TMall.Framework.Configuration\TMall.Framework.Configuration.csproj", "{5ACFAF6F-6A7E-4216-83E0-380430AB530B}"
EndProject
Project("{2150E333-8FDC-42A3-9474-1A3956D46DE8}") = "Microsoft EnterpriseLibrary", "Microsoft EnterpriseLibrary", "{86EF59C0-EBC8-4B4F-A9EA-103968C8801D}"
EndProject
Project("{2150E333-8FDC-42A3-9474-1A3956D46DE8}") = "06_TMall.ReferenceLib", "06_TMall.ReferenceLib", "{43546569-503F-47DE-A832-E37B3C6F2350}"
EndProject
Project("{2150E333-8FDC-42A3-9474-1A3956D46DE8}") = "09_TMall.Publish", "09_TMall.Publish", "{5EF312D8-B8D3-42F4-8CF3-2A75569148F2}"
EndProject
Project("{2150E333-8FDC-42A3-9474-1A3956D46DE8}") = "03_TMall.DomainModule", "03_TMall.DomainModule", "{B5E91FE8-31BC-4E22-931B-26C7F02276C4}"
EndProject
Project("{FAE04EC0-301F-11D3-BF4B-00C04F79EFBC}") = "TMall.DomainModule.Enums", "TMall.DomainModel\TMall.DomainModule.Enums\TMall.DomainModule.Enums.csproj", "{248F9C08-8C96-454A-ADF7-28BC04416779}"
EndProject
Project("{FAE04EC0-301F-11D3-BF4B-00C04F79EFBC}") = "TMall.Framework.Data", "TMall.Framework\TMall.Framework.Data\TMall.Framework.Data.csproj", "{DF42C2F3-A0FE-4CC9-836C-B2DFCF6D7904}"
EndProject
Project("{FAE04EC0-301F-11D3-BF4B-00C04F79EFBC}") = "TMall.Framework.ServiceLocation", "TMall.Framework\TMall.Framework.ServiceLocation\TMall.Framework.ServiceLocation.csproj", "{BCEA6C0D-F7AF-4595-8A9A-ADE13ADA1C4C}"
EndProject
Project("{FAE04EC0-301F-11D3-BF4B-00C04F79EFBC}") = "TMall.Infrastructure.IoC", "TMall.Infrastructure\TMall.Infrastructure.IoC\TMall.Infrastructure.IoC.csproj", "{9D239565-9CB0-4B8E-9617-32D145435D7A}"
EndProject
Project("{FAE04EC0-301F-11D3-BF4B-00C04F79EFBC}") = "TMall.Framework.Mapping", "TMall.Framework\TMall.Framework.Mapping\TMall.Framework.Mapping.csproj", "{B21E9E77-65F8-4E75-B339-439EA04F150C}"
EndProject
Project("{FAE04EC0-301F-11D3-BF4B-00C04F79EFBC}") = "TMall.DomainModels", "TMall.DomainModel\TMall.DomainModels\TMall.DomainModels.csproj", "{DA6C12E2-8052-4018-84AA-29369719D029}"
EndProject
Project("{FAE04EC0-301F-11D3-BF4B-00C04F79EFBC}") = "TMall.WebSite.BizProcess", "TMall.UI.Portal\TMall.WebSite\TMall.WebSite.BizProcess\TMall.WebSite.BizProcess.csproj", "{AAF9B4BB-70F3-4242-B12E-47DB4E091AD1}"
EndProject
Project("{FAE04EC0-301F-11D3-BF4B-00C04F79EFBC}") = "TMall.WebSite.Controllers", "TMall.UI.Portal\TMall.WebSite\TMall.WebSite.Controllers\TMall.WebSite.Controllers.csproj", "{1BC1CFE1-5CE8-4539-973E-CF349D734DF5}"
EndProject
Project("{FAE04EC0-301F-11D3-BF4B-00C04F79EFBC}") = "TMall.WebSite.IBizProcess", "TMall.UI.Portal\TMall.WebSite\TMall.WebSite.IBizProcess\TMall.WebSite.IBizProcess.csproj", "{859822AC-E046-4E71-A8EA-7742380CEFFC}"
EndProject
Project("{FAE04EC0-301F-11D3-BF4B-00C04F79EFBC}") = "TMall.WebSite.ViewModel", "TMall.UI.Portal\TMall.WebSite\TMall.WebSite.ViewModel\TMall.WebSite.ViewModel.csproj", "{9C6FF871-4B09-47D3-8079-936601B6E976}"
EndProject
Project("{FAE04EC0-301F-11D3-BF4B-00C04F79EFBC}") = "TMall.UI.WebSite", "TMall.UI.Portal\TMall.WebSite\TMall.UI.WebSite\TMall.UI.WebSite.csproj", "{FEB78D10-7424-42DB-A27E-32451C5263FF}"
EndProject
Project("{FAE04EC0-301F-11D3-BF4B-00C04F79EFBC}") = "TMall.Framework.Security", "TMall.Framework\TMall.Framework.Security\TMall.Framework.Security.csproj", "{180C6E06-57F5-4F3B-96F7-8FED4C87B52F}"
EndProject
Project("{FAE04EC0-301F-11D3-BF4B-00C04F79EFBC}") = "TMall.DomainModule.DBMapping", "TMall.DomainModel\TMall.DomainModule.DBMapping\TMall.DomainModule.DBMapping.csproj", "{B4759CC4-BA72-412D-AD6D-46810E27CB39}"
EndProject
Project("{2150E333-8FDC-42A3-9474-1A3956D46DE8}") = "01_TMall.UI.Portal", "01_TMall.UI.Portal", "{2C8A26FB-3D94-4E30-808B-C603EDDCB641}"
EndProject
Project("{FAE04EC0-301F-11D3-BF4B-00C04F79EFBC}") = "TMall.Infrastructure.SearchModel", "TMall.Infrastructure\TMall.Infrastructure.SearchModel\TMall.Infrastructure.SearchModel.csproj", "{1C39DAAC-C2B4-48E0-BFD0-FF3A2687D2DA}"
EndProject
Project("{2150E333-8FDC-42A3-9474-1A3956D46DE8}") = "TMall.Infrastructure", "TMall.Infrastructure", "{9B1A805C-6BE1-4B7E-A891-FBE7D1D39987}"
EndProject
Project("{FAE04EC0-301F-11D3-BF4B-00C04F79EFBC}") = "TMall.Infrastructure.SearchModel.Test", "TMall.UnitTest\TMall.Infrastructure.SearchModel.Test\TMall.Infrastructure.SearchModel.Test.csproj", "{751E9C46-A798-44C0-A195-1E3BF7FA8BF3}"
EndProject
Project("{2150E333-8FDC-42A3-9474-1A3956D46DE8}") = "TMall.Framework", "TMall.Framework", "{13765C15-4413-4E32-9641-4BFCE081FCCF}"
EndProject
Project("{FAE04EC0-301F-11D3-BF4B-00C04F79EFBC}") = "TMall.Framework.Data.Test", "TMall.UnitTest\TMall.Framework.Data.Test\TMall.Framework.Data.Test.csproj", "{58EC48B9-CDFC-40A7-8FBD-40A6B4FCBEAA}"
EndProject
Project("{FAE04EC0-301F-11D3-BF4B-00C04F79EFBC}") = "TMall.Infrastructure.Web", "TMall.Infrastructure\TMall.Infrastructure.Web\TMall.Infrastructure.Web.csproj", "{DBED4848-DDAF-4D8B-B3A1-C75345C09205}"
EndProject
Project("{FAE04EC0-301F-11D3-BF4B-00C04F79EFBC}") = "TMall.Framework.Reflection", "TMall.Framework\TMall.Framework.Reflection\TMall.Framework.Reflection.csproj", "{EF6ED2C7-9CF2-49B9-AD60-40C90F07779B}"
EndProject
Project("{FAE04EC0-301F-11D3-BF4B-00C04F79EFBC}") = "TMall.Infrastructure.Data", "TMall.Infrastructure\TMall.Infrastructure.Data\TMall.Infrastructure.Data.csproj", "{E549B1E3-426E-4610-A01F-5D185D8AE099}"
EndProject
Project("{FAE04EC0-301F-11D3-BF4B-00C04F79EFBC}") = "TMall.Framework.Mapping.Test", "TMall.UnitTest\TMall.Framework.Mapping.Test\TMall.Framework.Mapping.Test.csproj", "{B9F0D717-6C11-45C3-83D9-71C53B476388}"
EndProject
Project("{FAE04EC0-301F-11D3-BF4B-00C04F79EFBC}") = "TMall.Services.BizServices", "TMall.Service\TMall.Services.BizServices\TMall.Services.BizServices.csproj", "{76A85F3E-57A8-46AC-825F-172AADC89B0F}"
EndProject
Project("{FAE04EC0-301F-11D3-BF4B-00C04F79EFBC}") = "TMall.Services.Repository", "TMall.Service\TMall.Services.Repository\TMall.Services.Repository.csproj", "{8B2E2597-E729-4365-8E02-B2B6D7BD0DCC}"
EndProject
Project("{FAE04EC0-301F-11D3-BF4B-00C04F79EFBC}") = "TMall.Infrastructure.Core", "TMall.Infrastructure\TMall.Infrastructure.Core\TMall.Infrastructure.Core.csproj", "{E9C79DAA-8CBC-43EB-ABD3-2266EE3CA3D7}"
EndProject
Project("{FAE04EC0-301F-11D3-BF4B-00C04F79EFBC}") = "TMall.Services.IBizServices", "TMall.Service\TMall.Services.IBizServices\TMall.Services.IBizServices.csproj", "{AA3612DF-1758-409A-A6C0-7A4E44333640}"
EndProject
Project("{FAE04EC0-301F-11D3-BF4B-00C04F79EFBC}") = "TMall.Services.IRepository", "TMall.Service\TMall.Services.IRepository\TMall.Services.IRepository.csproj", "{D6011FC1-B848-4BEE-8746-3BCE9C622052}"
EndProject
Project("{FAE04EC0-301F-11D3-BF4B-00C04F79EFBC}") = "MigrationAppConsole", "TMall.UnitTest\MigrationAppConsole\MigrationAppConsole.csproj", "{FF4C55EA-DF86-4F1E-A5F5-C511EFB3EA9F}"
EndProject
Global
	GlobalSection(TeamFoundationVersionControl) = preSolution
		SccNumberOfProjects = 37
		SccEnterpriseProvider = {4CA58AB2-18FA-4F8D-95D4-32DDF27D184C}
		SccTeamFoundationServer = https://tfs.codeplex.com/tfs/tfs36
		SccLocalPath0 = .
		SccProjectUniqueName1 = TMall.DomainModel\\TMall.DomainModels\\TMall.DomainModels.csproj
		SccProjectTopLevelParentUniqueName1 = TMallSolution.sln
		SccProjectName1 = TMall.DomainModel/TMall.DomainModels
		SccLocalPath1 = TMall.DomainModel\\TMall.DomainModels
		SccProjectUniqueName2 = TMall.DomainModel\\TMall.DomainModule.DBMapping\\TMall.DomainModule.DBMapping.csproj
		SccProjectTopLevelParentUniqueName2 = TMallSolution.sln
		SccProjectName2 = TMall.DomainModel/TMall.DomainModule.DBMapping
		SccLocalPath2 = TMall.DomainModel\\TMall.DomainModule.DBMapping
		SccProjectUniqueName3 = TMall.DomainModel\\TMall.DomainModule.Enums\\TMall.DomainModule.Enums.csproj
		SccProjectTopLevelParentUniqueName3 = TMallSolution.sln
		SccProjectName3 = TMall.DomainModel/TMall.DomainModule.Enums
		SccLocalPath3 = TMall.DomainModel\\TMall.DomainModule.Enums
		SccProjectUniqueName4 = TMall.Framework\\TMall.Framework.Caching\\TMall.Framework.Caching.csproj
		SccProjectTopLevelParentUniqueName4 = TMallSolution.sln
		SccProjectName4 = TMall.Framework/TMall.Framework.Caching
		SccLocalPath4 = TMall.Framework\\TMall.Framework.Caching
		SccProjectUniqueName5 = TMall.Framework\\TMall.Framework.Configuration\\TMall.Framework.Configuration.csproj
		SccProjectTopLevelParentUniqueName5 = TMallSolution.sln
		SccProjectName5 = TMall.Framework/TMall.Framework.Configuration
		SccLocalPath5 = TMall.Framework\\TMall.Framework.Configuration
		SccProjectUniqueName6 = TMall.Framework\\TMall.Framework.Data\\TMall.Framework.Data.csproj
		SccProjectTopLevelParentUniqueName6 = TMallSolution.sln
		SccProjectName6 = TMall.Framework/TMall.Framework.Data
		SccLocalPath6 = TMall.Framework\\TMall.Framework.Data
		SccProjectUniqueName7 = TMall.Framework\\TMall.Framework.ExceptionHanding\\TMall.Framework.ExceptionHanding.csproj
		SccProjectTopLevelParentUniqueName7 = TMallSolution.sln
		SccProjectName7 = TMall.Framework/TMall.Framework.ExceptionHanding
		SccLocalPath7 = TMall.Framework\\TMall.Framework.ExceptionHanding
		SccProjectUniqueName8 = TMall.Framework\\TMall.Framework.Logging\\TMall.Framework.Logging.csproj
		SccProjectTopLevelParentUniqueName8 = TMallSolution.sln
		SccProjectName8 = TMall.Framework/TMall.Framework.Logging
		SccLocalPath8 = TMall.Framework\\TMall.Framework.Logging
		SccProjectUniqueName9 = TMall.Framework\\TMall.Framework.Mapping\\TMall.Framework.Mapping.csproj
		SccProjectTopLevelParentUniqueName9 = TMallSolution.sln
		SccProjectName9 = TMall.Framework/TMall.Framework.Mapping
		SccLocalPath9 = TMall.Framework\\TMall.Framework.Mapping
		SccProjectUniqueName10 = TMall.Framework\\TMall.Framework.Reflection\\TMall.Framework.Reflection.csproj
		SccProjectTopLevelParentUniqueName10 = TMallSolution.sln
		SccProjectName10 = TMall.Framework/TMall.Framework.Reflection
		SccLocalPath10 = TMall.Framework\\TMall.Framework.Reflection
		SccProjectUniqueName11 = TMall.Framework\\TMall.Framework.Security\\TMall.Framework.Security.csproj
		SccProjectTopLevelParentUniqueName11 = TMallSolution.sln
		SccProjectName11 = TMall.Framework/TMall.Framework.Security
		SccLocalPath11 = TMall.Framework\\TMall.Framework.Security
		SccProjectUniqueName12 = TMall.Framework\\TMall.Framework.ServiceLocation\\TMall.Framework.ServiceLocation.csproj
		SccProjectTopLevelParentUniqueName12 = TMallSolution.sln
		SccProjectName12 = TMall.Framework/TMall.Framework.ServiceLocation
		SccLocalPath12 = TMall.Framework\\TMall.Framework.ServiceLocation
		SccProjectUniqueName13 = TMall.Infrastructure\\TMall.Infrastructure.Data\\TMall.Infrastructure.Data.csproj
		SccProjectTopLevelParentUniqueName13 = TMallSolution.sln
		SccProjectName13 = TMall.Infrastructure/TMall.Infrastructure.Data
		SccLocalPath13 = TMall.Infrastructure\\TMall.Infrastructure.Data
		SccProjectUniqueName14 = TMall.Infrastructure\\TMall.Infrastructure.IoC\\TMall.Infrastructure.IoC.csproj
		SccProjectTopLevelParentUniqueName14 = TMallSolution.sln
		SccProjectName14 = TMall.Infrastructure/TMall.Infrastructure.IoC
		SccLocalPath14 = TMall.Infrastructure\\TMall.Infrastructure.IoC
		SccProjectUniqueName15 = TMall.Infrastructure\\TMall.Infrastructure.SearchModel\\TMall.Infrastructure.SearchModel.csproj
		SccProjectTopLevelParentUniqueName15 = TMallSolution.sln
		SccProjectName15 = TMall.Infrastructure/TMall.Infrastructure.SearchModel
		SccLocalPath15 = TMall.Infrastructure\\TMall.Infrastructure.SearchModel
		SccProjectUniqueName16 = TMall.Infrastructure\\TMall.Infrastructure.Utility\\TMall.Infrastructure.Utility.csproj
		SccProjectTopLevelParentUniqueName16 = TMallSolution.sln
		SccProjectName16 = TMall.Infrastructure/TMall.Infrastructure.Utility
		SccLocalPath16 = TMall.Infrastructure\\TMall.Infrastructure.Utility
		SccProjectUniqueName17 = TMall.Infrastructure\\TMall.Infrastructure.Web\\TMall.Infrastructure.Web.csproj
		SccProjectTopLevelParentUniqueName17 = TMallSolution.sln
		SccProjectName17 = TMall.Infrastructure/TMall.Infrastructure.Web
		SccLocalPath17 = TMall.Infrastructure\\TMall.Infrastructure.Web
		SccProjectUniqueName18 = TMall.Service\\TMall.Services.BizServices\\TMall.Services.BizServices.csproj
		SccProjectTopLevelParentUniqueName18 = TMallSolution.sln
		SccProjectName18 = TMall.Service/TMall.Services.BizServices
		SccLocalPath18 = TMall.Service\\TMall.Services.BizServices
		SccProjectUniqueName19 = TMall.Service\\TMall.Services.Repository\\TMall.Services.Repository.csproj
		SccProjectTopLevelParentUniqueName19 = TMallSolution.sln
		SccProjectName19 = TMall.Service/TMall.Services.Repository
		SccLocalPath19 = TMall.Service\\TMall.Services.Repository
		SccProjectUniqueName20 = TMall.UI.Portal\\TMall.ManageSite\\TMall.ManageSite.BizProcess\\TMall.ManageSite.BizProcess.csproj
		SccProjectTopLevelParentUniqueName20 = TMallSolution.sln
		SccProjectName20 = TMall.UI.Portal/TMall.ManageSite/TMall.ManageSite.BizProcess
		SccLocalPath20 = TMall.UI.Portal\\TMall.ManageSite\\TMall.ManageSite.BizProcess
		SccProjectUniqueName21 = TMall.UI.Portal\\TMall.ManageSite\\TMall.ManageSite.Controllers\\TMall.ManageSite.Controllers.csproj
		SccProjectTopLevelParentUniqueName21 = TMallSolution.sln
		SccProjectName21 = TMall.UI.Portal/TMall.ManageSite/TMall.ManageSite.Controllers
		SccLocalPath21 = TMall.UI.Portal\\TMall.ManageSite\\TMall.ManageSite.Controllers
		SccProjectUniqueName22 = TMall.UI.Portal\\TMall.ManageSite\\TMall.ManageSite.IBizProcess\\TMall.ManageSite.IBizProcess.csproj
		SccProjectTopLevelParentUniqueName22 = TMallSolution.sln
		SccProjectName22 = TMall.UI.Portal/TMall.ManageSite/TMall.ManageSite.IBizProcess
		SccLocalPath22 = TMall.UI.Portal\\TMall.ManageSite\\TMall.ManageSite.IBizProcess
		SccProjectUniqueName23 = TMall.UI.Portal\\TMall.ManageSite\\TMall.ManageSite.ViewModel\\TMall.ManageSite.ViewModel.csproj
		SccProjectTopLevelParentUniqueName23 = TMallSolution.sln
		SccProjectName23 = TMall.UI.Portal/TMall.ManageSite/TMall.ManageSite.ViewModel
		SccLocalPath23 = TMall.UI.Portal\\TMall.ManageSite\\TMall.ManageSite.ViewModel
		SccProjectUniqueName24 = TMall.UI.Portal\\TMall.ManageSite\\TMall.UI.ManageSite\\TMall.UI.ManageSite.csproj
		SccProjectTopLevelParentUniqueName24 = TMallSolution.sln
		SccProjectName24 = TMall.UI.Portal/TMall.ManageSite/TMall.UI.ManageSite
		SccLocalPath24 = TMall.UI.Portal\\TMall.ManageSite\\TMall.UI.ManageSite
		SccProjectUniqueName25 = TMall.UI.Portal\\TMall.WebSite\\TMall.UI.WebSite\\TMall.UI.WebSite.csproj
		SccProjectTopLevelParentUniqueName25 = TMallSolution.sln
		SccProjectName25 = TMall.UI.Portal/TMall.WebSite/TMall.UI.WebSite
		SccLocalPath25 = TMall.UI.Portal\\TMall.WebSite\\TMall.UI.WebSite
		SccProjectUniqueName26 = TMall.UI.Portal\\TMall.WebSite\\TMall.WebSite.BizProcess\\TMall.WebSite.BizProcess.csproj
		SccProjectTopLevelParentUniqueName26 = TMallSolution.sln
		SccProjectName26 = TMall.UI.Portal/TMall.WebSite/TMall.WebSite.BizProcess
		SccLocalPath26 = TMall.UI.Portal\\TMall.WebSite\\TMall.WebSite.BizProcess
		SccProjectUniqueName27 = TMall.UI.Portal\\TMall.WebSite\\TMall.WebSite.Controllers\\TMall.WebSite.Controllers.csproj
		SccProjectTopLevelParentUniqueName27 = TMallSolution.sln
		SccProjectName27 = TMall.UI.Portal/TMall.WebSite/TMall.WebSite.Controllers
		SccLocalPath27 = TMall.UI.Portal\\TMall.WebSite\\TMall.WebSite.Controllers
		SccProjectUniqueName28 = TMall.UI.Portal\\TMall.WebSite\\TMall.WebSite.IBizProcess\\TMall.WebSite.IBizProcess.csproj
		SccProjectTopLevelParentUniqueName28 = TMallSolution.sln
		SccProjectName28 = TMall.UI.Portal/TMall.WebSite/TMall.WebSite.IBizProcess
		SccLocalPath28 = TMall.UI.Portal\\TMall.WebSite\\TMall.WebSite.IBizProcess
		SccProjectUniqueName29 = TMall.UI.Portal\\TMall.WebSite\\TMall.WebSite.ViewModel\\TMall.WebSite.ViewModel.csproj
		SccProjectTopLevelParentUniqueName29 = TMallSolution.sln
		SccProjectName29 = TMall.UI.Portal/TMall.WebSite/TMall.WebSite.ViewModel
		SccLocalPath29 = TMall.UI.Portal\\TMall.WebSite\\TMall.WebSite.ViewModel
		SccProjectUniqueName30 = TMall.UnitTest\\TMall.Framework.Data.Test\\TMall.Framework.Data.Test.csproj
		SccProjectTopLevelParentUniqueName30 = TMallSolution.sln
		SccProjectName30 = TMall.UnitTest/TMall.Framework.Data.Test
		SccLocalPath30 = TMall.UnitTest\\TMall.Framework.Data.Test
		SccProjectUniqueName31 = TMall.UnitTest\\TMall.Framework.Mapping.Test\\TMall.Framework.Mapping.Test.csproj
		SccProjectTopLevelParentUniqueName31 = TMallSolution.sln
		SccProjectName31 = TMall.UnitTest/TMall.Framework.Mapping.Test
		SccLocalPath31 = TMall.UnitTest\\TMall.Framework.Mapping.Test
		SccProjectUniqueName32 = TMall.UnitTest\\TMall.Infrastructure.SearchModel.Test\\TMall.Infrastructure.SearchModel.Test.csproj
		SccProjectTopLevelParentUniqueName32 = TMallSolution.sln
		SccProjectName32 = TMall.UnitTest/TMall.Infrastructure.SearchModel.Test
		SccLocalPath32 = TMall.UnitTest\\TMall.Infrastructure.SearchModel.Test
		SccProjectUniqueName33 = TMall.Infrastructure\\TMall.Infrastructure.Core\\TMall.Infrastructure.Core.csproj
		SccProjectTopLevelParentUniqueName33 = TMallSolution.sln
		SccProjectName33 = TMall.Infrastructure/TMall.Infrastructure.Core
		SccLocalPath33 = TMall.Infrastructure\\TMall.Infrastructure.Core
		SccProjectUniqueName34 = TMall.Service\\TMall.Services.IBizServices\\TMall.Services.IBizServices.csproj
		SccProjectTopLevelParentUniqueName34 = TMallSolution.sln
		SccProjectName34 = TMall.Service/TMall.Services.IBizServices
		SccLocalPath34 = TMall.Service\\TMall.Services.IBizServices
		SccProjectUniqueName35 = TMall.Service\\TMall.Services.IRepository\\TMall.Services.IRepository.csproj
		SccProjectTopLevelParentUniqueName35 = TMallSolution.sln
		SccProjectName35 = TMall.Service/TMall.Services.IRepository
		SccLocalPath35 = TMall.Service\\TMall.Services.IRepository
		SccProjectUniqueName36 = TMall.UnitTest\\MigrationAppConsole\\MigrationAppConsole.csproj
		SccProjectTopLevelParentUniqueName36 = TMallSolution.sln
		SccProjectName36 = TMall.UnitTest/MigrationAppConsole
		SccLocalPath36 = TMall.UnitTest\\MigrationAppConsole
	EndGlobalSection
	GlobalSection(SolutionConfigurationPlatforms) = preSolution
		Debug|Any CPU = Debug|Any CPU
		Debug|Mixed Platforms = Debug|Mixed Platforms
		Debug|x86 = Debug|x86
		Release|Any CPU = Release|Any CPU
		Release|Mixed Platforms = Release|Mixed Platforms
		Release|x86 = Release|x86
	EndGlobalSection
	GlobalSection(ProjectConfigurationPlatforms) = postSolution
		{EB0C3C0A-9AF0-40DA-8090-AAC1F58937A6}.Debug|Any CPU.ActiveCfg = Debug|Any CPU
		{EB0C3C0A-9AF0-40DA-8090-AAC1F58937A6}.Debug|Any CPU.Build.0 = Debug|Any CPU
		{EB0C3C0A-9AF0-40DA-8090-AAC1F58937A6}.Debug|Mixed Platforms.ActiveCfg = Debug|Any CPU
		{EB0C3C0A-9AF0-40DA-8090-AAC1F58937A6}.Debug|Mixed Platforms.Build.0 = Debug|Any CPU
		{EB0C3C0A-9AF0-40DA-8090-AAC1F58937A6}.Debug|x86.ActiveCfg = Debug|Any CPU
		{EB0C3C0A-9AF0-40DA-8090-AAC1F58937A6}.Release|Any CPU.ActiveCfg = Release|Any CPU
		{EB0C3C0A-9AF0-40DA-8090-AAC1F58937A6}.Release|Any CPU.Build.0 = Release|Any CPU
		{EB0C3C0A-9AF0-40DA-8090-AAC1F58937A6}.Release|Mixed Platforms.ActiveCfg = Release|Any CPU
		{EB0C3C0A-9AF0-40DA-8090-AAC1F58937A6}.Release|Mixed Platforms.Build.0 = Release|Any CPU
		{EB0C3C0A-9AF0-40DA-8090-AAC1F58937A6}.Release|x86.ActiveCfg = Release|Any CPU
		{B97F65B2-3833-49CA-ABA1-989C48A85B6E}.Debug|Any CPU.ActiveCfg = Debug|Any CPU
		{B97F65B2-3833-49CA-ABA1-989C48A85B6E}.Debug|Any CPU.Build.0 = Debug|Any CPU
		{B97F65B2-3833-49CA-ABA1-989C48A85B6E}.Debug|Mixed Platforms.ActiveCfg = Debug|Any CPU
		{B97F65B2-3833-49CA-ABA1-989C48A85B6E}.Debug|Mixed Platforms.Build.0 = Debug|Any CPU
		{B97F65B2-3833-49CA-ABA1-989C48A85B6E}.Debug|x86.ActiveCfg = Debug|Any CPU
		{B97F65B2-3833-49CA-ABA1-989C48A85B6E}.Release|Any CPU.ActiveCfg = Release|Any CPU
		{B97F65B2-3833-49CA-ABA1-989C48A85B6E}.Release|Any CPU.Build.0 = Release|Any CPU
		{B97F65B2-3833-49CA-ABA1-989C48A85B6E}.Release|Mixed Platforms.ActiveCfg = Release|Any CPU
		{B97F65B2-3833-49CA-ABA1-989C48A85B6E}.Release|Mixed Platforms.Build.0 = Release|Any CPU
		{B97F65B2-3833-49CA-ABA1-989C48A85B6E}.Release|x86.ActiveCfg = Release|Any CPU
		{F75CD6F8-7CBA-4908-A39A-E28857155364}.Debug|Any CPU.ActiveCfg = Debug|Any CPU
		{F75CD6F8-7CBA-4908-A39A-E28857155364}.Debug|Any CPU.Build.0 = Debug|Any CPU
		{F75CD6F8-7CBA-4908-A39A-E28857155364}.Debug|Mixed Platforms.ActiveCfg = Debug|Any CPU
		{F75CD6F8-7CBA-4908-A39A-E28857155364}.Debug|Mixed Platforms.Build.0 = Debug|Any CPU
		{F75CD6F8-7CBA-4908-A39A-E28857155364}.Debug|x86.ActiveCfg = Debug|Any CPU
		{F75CD6F8-7CBA-4908-A39A-E28857155364}.Release|Any CPU.ActiveCfg = Release|Any CPU
		{F75CD6F8-7CBA-4908-A39A-E28857155364}.Release|Any CPU.Build.0 = Release|Any CPU
		{F75CD6F8-7CBA-4908-A39A-E28857155364}.Release|Mixed Platforms.ActiveCfg = Release|Any CPU
		{F75CD6F8-7CBA-4908-A39A-E28857155364}.Release|Mixed Platforms.Build.0 = Release|Any CPU
		{F75CD6F8-7CBA-4908-A39A-E28857155364}.Release|x86.ActiveCfg = Release|Any CPU
		{7A61F007-E25C-4337-81CE-FF946C5B72BE}.Debug|Any CPU.ActiveCfg = Debug|Any CPU
		{7A61F007-E25C-4337-81CE-FF946C5B72BE}.Debug|Any CPU.Build.0 = Debug|Any CPU
		{7A61F007-E25C-4337-81CE-FF946C5B72BE}.Debug|Mixed Platforms.ActiveCfg = Debug|Any CPU
		{7A61F007-E25C-4337-81CE-FF946C5B72BE}.Debug|Mixed Platforms.Build.0 = Debug|Any CPU
		{7A61F007-E25C-4337-81CE-FF946C5B72BE}.Debug|x86.ActiveCfg = Debug|Any CPU
		{7A61F007-E25C-4337-81CE-FF946C5B72BE}.Release|Any CPU.ActiveCfg = Release|Any CPU
		{7A61F007-E25C-4337-81CE-FF946C5B72BE}.Release|Any CPU.Build.0 = Release|Any CPU
		{7A61F007-E25C-4337-81CE-FF946C5B72BE}.Release|Mixed Platforms.ActiveCfg = Release|Any CPU
		{7A61F007-E25C-4337-81CE-FF946C5B72BE}.Release|Mixed Platforms.Build.0 = Release|Any CPU
		{7A61F007-E25C-4337-81CE-FF946C5B72BE}.Release|x86.ActiveCfg = Release|Any CPU
		{EFCFB176-E186-465D-BA17-6440042A6E6A}.Debug|Any CPU.ActiveCfg = Debug|Any CPU
		{EFCFB176-E186-465D-BA17-6440042A6E6A}.Debug|Any CPU.Build.0 = Debug|Any CPU
		{EFCFB176-E186-465D-BA17-6440042A6E6A}.Debug|Mixed Platforms.ActiveCfg = Debug|Any CPU
		{EFCFB176-E186-465D-BA17-6440042A6E6A}.Debug|Mixed Platforms.Build.0 = Debug|Any CPU
		{EFCFB176-E186-465D-BA17-6440042A6E6A}.Debug|x86.ActiveCfg = Debug|Any CPU
		{EFCFB176-E186-465D-BA17-6440042A6E6A}.Release|Any CPU.ActiveCfg = Release|Any CPU
		{EFCFB176-E186-465D-BA17-6440042A6E6A}.Release|Any CPU.Build.0 = Release|Any CPU
		{EFCFB176-E186-465D-BA17-6440042A6E6A}.Release|Mixed Platforms.ActiveCfg = Release|Any CPU
		{EFCFB176-E186-465D-BA17-6440042A6E6A}.Release|Mixed Platforms.Build.0 = Release|Any CPU
		{EFCFB176-E186-465D-BA17-6440042A6E6A}.Release|x86.ActiveCfg = Release|Any CPU
		{B0835930-71A2-47A6-B1BA-15C424C6F4D7}.Debug|Any CPU.ActiveCfg = Debug|Any CPU
		{B0835930-71A2-47A6-B1BA-15C424C6F4D7}.Debug|Any CPU.Build.0 = Debug|Any CPU
		{B0835930-71A2-47A6-B1BA-15C424C6F4D7}.Debug|Mixed Platforms.ActiveCfg = Debug|Any CPU
		{B0835930-71A2-47A6-B1BA-15C424C6F4D7}.Debug|Mixed Platforms.Build.0 = Debug|Any CPU
		{B0835930-71A2-47A6-B1BA-15C424C6F4D7}.Debug|x86.ActiveCfg = Debug|Any CPU
		{B0835930-71A2-47A6-B1BA-15C424C6F4D7}.Release|Any CPU.ActiveCfg = Release|Any CPU
		{B0835930-71A2-47A6-B1BA-15C424C6F4D7}.Release|Any CPU.Build.0 = Release|Any CPU
		{B0835930-71A2-47A6-B1BA-15C424C6F4D7}.Release|Mixed Platforms.ActiveCfg = Release|Any CPU
		{B0835930-71A2-47A6-B1BA-15C424C6F4D7}.Release|Mixed Platforms.Build.0 = Release|Any CPU
		{B0835930-71A2-47A6-B1BA-15C424C6F4D7}.Release|x86.ActiveCfg = Release|Any CPU
		{97990509-8D76-4981-B14C-3E98388EA1ED}.Debug|Any CPU.ActiveCfg = Debug|Any CPU
		{97990509-8D76-4981-B14C-3E98388EA1ED}.Debug|Any CPU.Build.0 = Debug|Any CPU
		{97990509-8D76-4981-B14C-3E98388EA1ED}.Debug|Mixed Platforms.ActiveCfg = Debug|Any CPU
		{97990509-8D76-4981-B14C-3E98388EA1ED}.Debug|Mixed Platforms.Build.0 = Debug|Any CPU
		{97990509-8D76-4981-B14C-3E98388EA1ED}.Debug|x86.ActiveCfg = Debug|Any CPU
		{97990509-8D76-4981-B14C-3E98388EA1ED}.Release|Any CPU.ActiveCfg = Release|Any CPU
		{97990509-8D76-4981-B14C-3E98388EA1ED}.Release|Any CPU.Build.0 = Release|Any CPU
		{97990509-8D76-4981-B14C-3E98388EA1ED}.Release|Mixed Platforms.ActiveCfg = Release|Any CPU
		{97990509-8D76-4981-B14C-3E98388EA1ED}.Release|Mixed Platforms.Build.0 = Release|Any CPU
		{97990509-8D76-4981-B14C-3E98388EA1ED}.Release|x86.ActiveCfg = Release|Any CPU
		{5FBA92ED-D727-4129-91F9-69429F6E15D6}.Debug|Any CPU.ActiveCfg = Debug|Any CPU
		{5FBA92ED-D727-4129-91F9-69429F6E15D6}.Debug|Any CPU.Build.0 = Debug|Any CPU
		{5FBA92ED-D727-4129-91F9-69429F6E15D6}.Debug|Mixed Platforms.ActiveCfg = Debug|Any CPU
		{5FBA92ED-D727-4129-91F9-69429F6E15D6}.Debug|Mixed Platforms.Build.0 = Debug|Any CPU
		{5FBA92ED-D727-4129-91F9-69429F6E15D6}.Debug|x86.ActiveCfg = Debug|Any CPU
		{5FBA92ED-D727-4129-91F9-69429F6E15D6}.Release|Any CPU.ActiveCfg = Release|Any CPU
		{5FBA92ED-D727-4129-91F9-69429F6E15D6}.Release|Any CPU.Build.0 = Release|Any CPU
		{5FBA92ED-D727-4129-91F9-69429F6E15D6}.Release|Mixed Platforms.ActiveCfg = Release|Any CPU
		{5FBA92ED-D727-4129-91F9-69429F6E15D6}.Release|Mixed Platforms.Build.0 = Release|Any CPU
		{5FBA92ED-D727-4129-91F9-69429F6E15D6}.Release|x86.ActiveCfg = Release|Any CPU
		{411B4591-1017-4E29-8D98-A3F4E3B28550}.Debug|Any CPU.ActiveCfg = Debug|Any CPU
		{411B4591-1017-4E29-8D98-A3F4E3B28550}.Debug|Any CPU.Build.0 = Debug|Any CPU
		{411B4591-1017-4E29-8D98-A3F4E3B28550}.Debug|Mixed Platforms.ActiveCfg = Debug|Any CPU
		{411B4591-1017-4E29-8D98-A3F4E3B28550}.Debug|Mixed Platforms.Build.0 = Debug|Any CPU
		{411B4591-1017-4E29-8D98-A3F4E3B28550}.Debug|x86.ActiveCfg = Debug|Any CPU
		{411B4591-1017-4E29-8D98-A3F4E3B28550}.Release|Any CPU.ActiveCfg = Release|Any CPU
		{411B4591-1017-4E29-8D98-A3F4E3B28550}.Release|Any CPU.Build.0 = Release|Any CPU
		{411B4591-1017-4E29-8D98-A3F4E3B28550}.Release|Mixed Platforms.ActiveCfg = Release|Any CPU
		{411B4591-1017-4E29-8D98-A3F4E3B28550}.Release|Mixed Platforms.Build.0 = Release|Any CPU
		{411B4591-1017-4E29-8D98-A3F4E3B28550}.Release|x86.ActiveCfg = Release|Any CPU
		{5ACFAF6F-6A7E-4216-83E0-380430AB530B}.Debug|Any CPU.ActiveCfg = Debug|Any CPU
		{5ACFAF6F-6A7E-4216-83E0-380430AB530B}.Debug|Any CPU.Build.0 = Debug|Any CPU
		{5ACFAF6F-6A7E-4216-83E0-380430AB530B}.Debug|Mixed Platforms.ActiveCfg = Debug|Any CPU
		{5ACFAF6F-6A7E-4216-83E0-380430AB530B}.Debug|Mixed Platforms.Build.0 = Debug|Any CPU
		{5ACFAF6F-6A7E-4216-83E0-380430AB530B}.Debug|x86.ActiveCfg = Debug|Any CPU
		{5ACFAF6F-6A7E-4216-83E0-380430AB530B}.Release|Any CPU.ActiveCfg = Release|Any CPU
		{5ACFAF6F-6A7E-4216-83E0-380430AB530B}.Release|Any CPU.Build.0 = Release|Any CPU
		{5ACFAF6F-6A7E-4216-83E0-380430AB530B}.Release|Mixed Platforms.ActiveCfg = Release|Any CPU
		{5ACFAF6F-6A7E-4216-83E0-380430AB530B}.Release|Mixed Platforms.Build.0 = Release|Any CPU
		{5ACFAF6F-6A7E-4216-83E0-380430AB530B}.Release|x86.ActiveCfg = Release|Any CPU
		{248F9C08-8C96-454A-ADF7-28BC04416779}.Debug|Any CPU.ActiveCfg = Debug|Any CPU
		{248F9C08-8C96-454A-ADF7-28BC04416779}.Debug|Any CPU.Build.0 = Debug|Any CPU
		{248F9C08-8C96-454A-ADF7-28BC04416779}.Debug|Mixed Platforms.ActiveCfg = Debug|Any CPU
		{248F9C08-8C96-454A-ADF7-28BC04416779}.Debug|Mixed Platforms.Build.0 = Debug|Any CPU
		{248F9C08-8C96-454A-ADF7-28BC04416779}.Debug|x86.ActiveCfg = Debug|Any CPU
		{248F9C08-8C96-454A-ADF7-28BC04416779}.Release|Any CPU.ActiveCfg = Release|Any CPU
		{248F9C08-8C96-454A-ADF7-28BC04416779}.Release|Any CPU.Build.0 = Release|Any CPU
		{248F9C08-8C96-454A-ADF7-28BC04416779}.Release|Mixed Platforms.ActiveCfg = Release|Any CPU
		{248F9C08-8C96-454A-ADF7-28BC04416779}.Release|Mixed Platforms.Build.0 = Release|Any CPU
		{248F9C08-8C96-454A-ADF7-28BC04416779}.Release|x86.ActiveCfg = Release|Any CPU
		{DF42C2F3-A0FE-4CC9-836C-B2DFCF6D7904}.Debug|Any CPU.ActiveCfg = Debug|Any CPU
		{DF42C2F3-A0FE-4CC9-836C-B2DFCF6D7904}.Debug|Any CPU.Build.0 = Debug|Any CPU
		{DF42C2F3-A0FE-4CC9-836C-B2DFCF6D7904}.Debug|Mixed Platforms.ActiveCfg = Debug|Any CPU
		{DF42C2F3-A0FE-4CC9-836C-B2DFCF6D7904}.Debug|Mixed Platforms.Build.0 = Debug|Any CPU
		{DF42C2F3-A0FE-4CC9-836C-B2DFCF6D7904}.Debug|x86.ActiveCfg = Debug|Any CPU
		{DF42C2F3-A0FE-4CC9-836C-B2DFCF6D7904}.Release|Any CPU.ActiveCfg = Release|Any CPU
		{DF42C2F3-A0FE-4CC9-836C-B2DFCF6D7904}.Release|Any CPU.Build.0 = Release|Any CPU
		{DF42C2F3-A0FE-4CC9-836C-B2DFCF6D7904}.Release|Mixed Platforms.ActiveCfg = Release|Any CPU
		{DF42C2F3-A0FE-4CC9-836C-B2DFCF6D7904}.Release|Mixed Platforms.Build.0 = Release|Any CPU
		{DF42C2F3-A0FE-4CC9-836C-B2DFCF6D7904}.Release|x86.ActiveCfg = Release|Any CPU
		{BCEA6C0D-F7AF-4595-8A9A-ADE13ADA1C4C}.Debug|Any CPU.ActiveCfg = Debug|Any CPU
		{BCEA6C0D-F7AF-4595-8A9A-ADE13ADA1C4C}.Debug|Any CPU.Build.0 = Debug|Any CPU
		{BCEA6C0D-F7AF-4595-8A9A-ADE13ADA1C4C}.Debug|Mixed Platforms.ActiveCfg = Debug|Any CPU
		{BCEA6C0D-F7AF-4595-8A9A-ADE13ADA1C4C}.Debug|Mixed Platforms.Build.0 = Debug|Any CPU
		{BCEA6C0D-F7AF-4595-8A9A-ADE13ADA1C4C}.Debug|x86.ActiveCfg = Debug|Any CPU
		{BCEA6C0D-F7AF-4595-8A9A-ADE13ADA1C4C}.Release|Any CPU.ActiveCfg = Release|Any CPU
		{BCEA6C0D-F7AF-4595-8A9A-ADE13ADA1C4C}.Release|Any CPU.Build.0 = Release|Any CPU
		{BCEA6C0D-F7AF-4595-8A9A-ADE13ADA1C4C}.Release|Mixed Platforms.ActiveCfg = Release|Any CPU
		{BCEA6C0D-F7AF-4595-8A9A-ADE13ADA1C4C}.Release|Mixed Platforms.Build.0 = Release|Any CPU
		{BCEA6C0D-F7AF-4595-8A9A-ADE13ADA1C4C}.Release|x86.ActiveCfg = Release|Any CPU
		{9D239565-9CB0-4B8E-9617-32D145435D7A}.Debug|Any CPU.ActiveCfg = Debug|Any CPU
		{9D239565-9CB0-4B8E-9617-32D145435D7A}.Debug|Any CPU.Build.0 = Debug|Any CPU
		{9D239565-9CB0-4B8E-9617-32D145435D7A}.Debug|Mixed Platforms.ActiveCfg = Debug|Any CPU
		{9D239565-9CB0-4B8E-9617-32D145435D7A}.Debug|Mixed Platforms.Build.0 = Debug|Any CPU
		{9D239565-9CB0-4B8E-9617-32D145435D7A}.Debug|x86.ActiveCfg = Debug|Any CPU
		{9D239565-9CB0-4B8E-9617-32D145435D7A}.Release|Any CPU.ActiveCfg = Release|Any CPU
		{9D239565-9CB0-4B8E-9617-32D145435D7A}.Release|Any CPU.Build.0 = Release|Any CPU
		{9D239565-9CB0-4B8E-9617-32D145435D7A}.Release|Mixed Platforms.ActiveCfg = Release|Any CPU
		{9D239565-9CB0-4B8E-9617-32D145435D7A}.Release|Mixed Platforms.Build.0 = Release|Any CPU
		{9D239565-9CB0-4B8E-9617-32D145435D7A}.Release|x86.ActiveCfg = Release|Any CPU
		{B21E9E77-65F8-4E75-B339-439EA04F150C}.Debug|Any CPU.ActiveCfg = Debug|Any CPU
		{B21E9E77-65F8-4E75-B339-439EA04F150C}.Debug|Any CPU.Build.0 = Debug|Any CPU
		{B21E9E77-65F8-4E75-B339-439EA04F150C}.Debug|Mixed Platforms.ActiveCfg = Debug|Any CPU
		{B21E9E77-65F8-4E75-B339-439EA04F150C}.Debug|Mixed Platforms.Build.0 = Debug|Any CPU
		{B21E9E77-65F8-4E75-B339-439EA04F150C}.Debug|x86.ActiveCfg = Debug|Any CPU
		{B21E9E77-65F8-4E75-B339-439EA04F150C}.Release|Any CPU.ActiveCfg = Release|Any CPU
		{B21E9E77-65F8-4E75-B339-439EA04F150C}.Release|Any CPU.Build.0 = Release|Any CPU
		{B21E9E77-65F8-4E75-B339-439EA04F150C}.Release|Mixed Platforms.ActiveCfg = Release|Any CPU
		{B21E9E77-65F8-4E75-B339-439EA04F150C}.Release|Mixed Platforms.Build.0 = Release|Any CPU
		{B21E9E77-65F8-4E75-B339-439EA04F150C}.Release|x86.ActiveCfg = Release|Any CPU
		{DA6C12E2-8052-4018-84AA-29369719D029}.Debug|Any CPU.ActiveCfg = Debug|Any CPU
		{DA6C12E2-8052-4018-84AA-29369719D029}.Debug|Any CPU.Build.0 = Debug|Any CPU
		{DA6C12E2-8052-4018-84AA-29369719D029}.Debug|Mixed Platforms.ActiveCfg = Debug|Any CPU
		{DA6C12E2-8052-4018-84AA-29369719D029}.Debug|Mixed Platforms.Build.0 = Debug|Any CPU
		{DA6C12E2-8052-4018-84AA-29369719D029}.Debug|x86.ActiveCfg = Debug|Any CPU
		{DA6C12E2-8052-4018-84AA-29369719D029}.Release|Any CPU.ActiveCfg = Release|Any CPU
		{DA6C12E2-8052-4018-84AA-29369719D029}.Release|Any CPU.Build.0 = Release|Any CPU
		{DA6C12E2-8052-4018-84AA-29369719D029}.Release|Mixed Platforms.ActiveCfg = Release|Any CPU
		{DA6C12E2-8052-4018-84AA-29369719D029}.Release|Mixed Platforms.Build.0 = Release|Any CPU
		{DA6C12E2-8052-4018-84AA-29369719D029}.Release|x86.ActiveCfg = Release|Any CPU
		{AAF9B4BB-70F3-4242-B12E-47DB4E091AD1}.Debug|Any CPU.ActiveCfg = Debug|Any CPU
		{AAF9B4BB-70F3-4242-B12E-47DB4E091AD1}.Debug|Any CPU.Build.0 = Debug|Any CPU
		{AAF9B4BB-70F3-4242-B12E-47DB4E091AD1}.Debug|Mixed Platforms.ActiveCfg = Debug|Any CPU
		{AAF9B4BB-70F3-4242-B12E-47DB4E091AD1}.Debug|Mixed Platforms.Build.0 = Debug|Any CPU
		{AAF9B4BB-70F3-4242-B12E-47DB4E091AD1}.Debug|x86.ActiveCfg = Debug|Any CPU
		{AAF9B4BB-70F3-4242-B12E-47DB4E091AD1}.Release|Any CPU.ActiveCfg = Release|Any CPU
		{AAF9B4BB-70F3-4242-B12E-47DB4E091AD1}.Release|Any CPU.Build.0 = Release|Any CPU
		{AAF9B4BB-70F3-4242-B12E-47DB4E091AD1}.Release|Mixed Platforms.ActiveCfg = Release|Any CPU
		{AAF9B4BB-70F3-4242-B12E-47DB4E091AD1}.Release|Mixed Platforms.Build.0 = Release|Any CPU
		{AAF9B4BB-70F3-4242-B12E-47DB4E091AD1}.Release|x86.ActiveCfg = Release|Any CPU
		{1BC1CFE1-5CE8-4539-973E-CF349D734DF5}.Debug|Any CPU.ActiveCfg = Debug|Any CPU
		{1BC1CFE1-5CE8-4539-973E-CF349D734DF5}.Debug|Any CPU.Build.0 = Debug|Any CPU
		{1BC1CFE1-5CE8-4539-973E-CF349D734DF5}.Debug|Mixed Platforms.ActiveCfg = Debug|Any CPU
		{1BC1CFE1-5CE8-4539-973E-CF349D734DF5}.Debug|Mixed Platforms.Build.0 = Debug|Any CPU
		{1BC1CFE1-5CE8-4539-973E-CF349D734DF5}.Debug|x86.ActiveCfg = Debug|Any CPU
		{1BC1CFE1-5CE8-4539-973E-CF349D734DF5}.Release|Any CPU.ActiveCfg = Release|Any CPU
		{1BC1CFE1-5CE8-4539-973E-CF349D734DF5}.Release|Any CPU.Build.0 = Release|Any CPU
		{1BC1CFE1-5CE8-4539-973E-CF349D734DF5}.Release|Mixed Platforms.ActiveCfg = Release|Any CPU
		{1BC1CFE1-5CE8-4539-973E-CF349D734DF5}.Release|Mixed Platforms.Build.0 = Release|Any CPU
		{1BC1CFE1-5CE8-4539-973E-CF349D734DF5}.Release|x86.ActiveCfg = Release|Any CPU
		{859822AC-E046-4E71-A8EA-7742380CEFFC}.Debug|Any CPU.ActiveCfg = Debug|Any CPU
		{859822AC-E046-4E71-A8EA-7742380CEFFC}.Debug|Any CPU.Build.0 = Debug|Any CPU
		{859822AC-E046-4E71-A8EA-7742380CEFFC}.Debug|Mixed Platforms.ActiveCfg = Debug|Any CPU
		{859822AC-E046-4E71-A8EA-7742380CEFFC}.Debug|Mixed Platforms.Build.0 = Debug|Any CPU
		{859822AC-E046-4E71-A8EA-7742380CEFFC}.Debug|x86.ActiveCfg = Debug|Any CPU
		{859822AC-E046-4E71-A8EA-7742380CEFFC}.Release|Any CPU.ActiveCfg = Release|Any CPU
		{859822AC-E046-4E71-A8EA-7742380CEFFC}.Release|Any CPU.Build.0 = Release|Any CPU
		{859822AC-E046-4E71-A8EA-7742380CEFFC}.Release|Mixed Platforms.ActiveCfg = Release|Any CPU
		{859822AC-E046-4E71-A8EA-7742380CEFFC}.Release|Mixed Platforms.Build.0 = Release|Any CPU
		{859822AC-E046-4E71-A8EA-7742380CEFFC}.Release|x86.ActiveCfg = Release|Any CPU
		{9C6FF871-4B09-47D3-8079-936601B6E976}.Debug|Any CPU.ActiveCfg = Debug|Any CPU
		{9C6FF871-4B09-47D3-8079-936601B6E976}.Debug|Any CPU.Build.0 = Debug|Any CPU
		{9C6FF871-4B09-47D3-8079-936601B6E976}.Debug|Mixed Platforms.ActiveCfg = Debug|Any CPU
		{9C6FF871-4B09-47D3-8079-936601B6E976}.Debug|Mixed Platforms.Build.0 = Debug|Any CPU
		{9C6FF871-4B09-47D3-8079-936601B6E976}.Debug|x86.ActiveCfg = Debug|Any CPU
		{9C6FF871-4B09-47D3-8079-936601B6E976}.Release|Any CPU.ActiveCfg = Release|Any CPU
		{9C6FF871-4B09-47D3-8079-936601B6E976}.Release|Any CPU.Build.0 = Release|Any CPU
		{9C6FF871-4B09-47D3-8079-936601B6E976}.Release|Mixed Platforms.ActiveCfg = Release|Any CPU
		{9C6FF871-4B09-47D3-8079-936601B6E976}.Release|Mixed Platforms.Build.0 = Release|Any CPU
		{9C6FF871-4B09-47D3-8079-936601B6E976}.Release|x86.ActiveCfg = Release|Any CPU
		{FEB78D10-7424-42DB-A27E-32451C5263FF}.Debug|Any CPU.ActiveCfg = Debug|Any CPU
		{FEB78D10-7424-42DB-A27E-32451C5263FF}.Debug|Any CPU.Build.0 = Debug|Any CPU
		{FEB78D10-7424-42DB-A27E-32451C5263FF}.Debug|Mixed Platforms.ActiveCfg = Debug|Any CPU
		{FEB78D10-7424-42DB-A27E-32451C5263FF}.Debug|Mixed Platforms.Build.0 = Debug|Any CPU
		{FEB78D10-7424-42DB-A27E-32451C5263FF}.Debug|x86.ActiveCfg = Debug|Any CPU
		{FEB78D10-7424-42DB-A27E-32451C5263FF}.Release|Any CPU.ActiveCfg = Release|Any CPU
		{FEB78D10-7424-42DB-A27E-32451C5263FF}.Release|Any CPU.Build.0 = Release|Any CPU
		{FEB78D10-7424-42DB-A27E-32451C5263FF}.Release|Mixed Platforms.ActiveCfg = Release|Any CPU
		{FEB78D10-7424-42DB-A27E-32451C5263FF}.Release|Mixed Platforms.Build.0 = Release|Any CPU
		{FEB78D10-7424-42DB-A27E-32451C5263FF}.Release|x86.ActiveCfg = Release|Any CPU
		{180C6E06-57F5-4F3B-96F7-8FED4C87B52F}.Debug|Any CPU.ActiveCfg = Debug|Any CPU
		{180C6E06-57F5-4F3B-96F7-8FED4C87B52F}.Debug|Any CPU.Build.0 = Debug|Any CPU
		{180C6E06-57F5-4F3B-96F7-8FED4C87B52F}.Debug|Mixed Platforms.ActiveCfg = Debug|Any CPU
		{180C6E06-57F5-4F3B-96F7-8FED4C87B52F}.Debug|Mixed Platforms.Build.0 = Debug|Any CPU
		{180C6E06-57F5-4F3B-96F7-8FED4C87B52F}.Debug|x86.ActiveCfg = Debug|Any CPU
		{180C6E06-57F5-4F3B-96F7-8FED4C87B52F}.Release|Any CPU.ActiveCfg = Release|Any CPU
		{180C6E06-57F5-4F3B-96F7-8FED4C87B52F}.Release|Any CPU.Build.0 = Release|Any CPU
		{180C6E06-57F5-4F3B-96F7-8FED4C87B52F}.Release|Mixed Platforms.ActiveCfg = Release|Any CPU
		{180C6E06-57F5-4F3B-96F7-8FED4C87B52F}.Release|Mixed Platforms.Build.0 = Release|Any CPU
		{180C6E06-57F5-4F3B-96F7-8FED4C87B52F}.Release|x86.ActiveCfg = Release|Any CPU
		{B4759CC4-BA72-412D-AD6D-46810E27CB39}.Debug|Any CPU.ActiveCfg = Debug|Any CPU
		{B4759CC4-BA72-412D-AD6D-46810E27CB39}.Debug|Any CPU.Build.0 = Debug|Any CPU
		{B4759CC4-BA72-412D-AD6D-46810E27CB39}.Debug|Mixed Platforms.ActiveCfg = Debug|Any CPU
		{B4759CC4-BA72-412D-AD6D-46810E27CB39}.Debug|Mixed Platforms.Build.0 = Debug|Any CPU
		{B4759CC4-BA72-412D-AD6D-46810E27CB39}.Debug|x86.ActiveCfg = Debug|Any CPU
		{B4759CC4-BA72-412D-AD6D-46810E27CB39}.Release|Any CPU.ActiveCfg = Release|Any CPU
		{B4759CC4-BA72-412D-AD6D-46810E27CB39}.Release|Any CPU.Build.0 = Release|Any CPU
		{B4759CC4-BA72-412D-AD6D-46810E27CB39}.Release|Mixed Platforms.ActiveCfg = Release|Any CPU
		{B4759CC4-BA72-412D-AD6D-46810E27CB39}.Release|Mixed Platforms.Build.0 = Release|Any CPU
		{B4759CC4-BA72-412D-AD6D-46810E27CB39}.Release|x86.ActiveCfg = Release|Any CPU
		{1C39DAAC-C2B4-48E0-BFD0-FF3A2687D2DA}.Debug|Any CPU.ActiveCfg = Debug|Any CPU
		{1C39DAAC-C2B4-48E0-BFD0-FF3A2687D2DA}.Debug|Any CPU.Build.0 = Debug|Any CPU
		{1C39DAAC-C2B4-48E0-BFD0-FF3A2687D2DA}.Debug|Mixed Platforms.ActiveCfg = Debug|Any CPU
		{1C39DAAC-C2B4-48E0-BFD0-FF3A2687D2DA}.Debug|Mixed Platforms.Build.0 = Debug|Any CPU
		{1C39DAAC-C2B4-48E0-BFD0-FF3A2687D2DA}.Debug|x86.ActiveCfg = Debug|Any CPU
		{1C39DAAC-C2B4-48E0-BFD0-FF3A2687D2DA}.Release|Any CPU.ActiveCfg = Release|Any CPU
		{1C39DAAC-C2B4-48E0-BFD0-FF3A2687D2DA}.Release|Any CPU.Build.0 = Release|Any CPU
		{1C39DAAC-C2B4-48E0-BFD0-FF3A2687D2DA}.Release|Mixed Platforms.ActiveCfg = Release|Any CPU
		{1C39DAAC-C2B4-48E0-BFD0-FF3A2687D2DA}.Release|Mixed Platforms.Build.0 = Release|Any CPU
		{1C39DAAC-C2B4-48E0-BFD0-FF3A2687D2DA}.Release|x86.ActiveCfg = Release|Any CPU
		{751E9C46-A798-44C0-A195-1E3BF7FA8BF3}.Debug|Any CPU.ActiveCfg = Debug|Any CPU
		{751E9C46-A798-44C0-A195-1E3BF7FA8BF3}.Debug|Any CPU.Build.0 = Debug|Any CPU
		{751E9C46-A798-44C0-A195-1E3BF7FA8BF3}.Debug|Mixed Platforms.ActiveCfg = Debug|Any CPU
		{751E9C46-A798-44C0-A195-1E3BF7FA8BF3}.Debug|Mixed Platforms.Build.0 = Debug|Any CPU
		{751E9C46-A798-44C0-A195-1E3BF7FA8BF3}.Debug|x86.ActiveCfg = Debug|Any CPU
		{751E9C46-A798-44C0-A195-1E3BF7FA8BF3}.Release|Any CPU.ActiveCfg = Release|Any CPU
		{751E9C46-A798-44C0-A195-1E3BF7FA8BF3}.Release|Any CPU.Build.0 = Release|Any CPU
		{751E9C46-A798-44C0-A195-1E3BF7FA8BF3}.Release|Mixed Platforms.ActiveCfg = Release|Any CPU
		{751E9C46-A798-44C0-A195-1E3BF7FA8BF3}.Release|Mixed Platforms.Build.0 = Release|Any CPU
		{751E9C46-A798-44C0-A195-1E3BF7FA8BF3}.Release|x86.ActiveCfg = Release|Any CPU
		{58EC48B9-CDFC-40A7-8FBD-40A6B4FCBEAA}.Debug|Any CPU.ActiveCfg = Debug|Any CPU
		{58EC48B9-CDFC-40A7-8FBD-40A6B4FCBEAA}.Debug|Any CPU.Build.0 = Debug|Any CPU
		{58EC48B9-CDFC-40A7-8FBD-40A6B4FCBEAA}.Debug|Mixed Platforms.ActiveCfg = Debug|Any CPU
		{58EC48B9-CDFC-40A7-8FBD-40A6B4FCBEAA}.Debug|Mixed Platforms.Build.0 = Debug|Any CPU
		{58EC48B9-CDFC-40A7-8FBD-40A6B4FCBEAA}.Debug|x86.ActiveCfg = Debug|Any CPU
		{58EC48B9-CDFC-40A7-8FBD-40A6B4FCBEAA}.Release|Any CPU.ActiveCfg = Release|Any CPU
		{58EC48B9-CDFC-40A7-8FBD-40A6B4FCBEAA}.Release|Any CPU.Build.0 = Release|Any CPU
		{58EC48B9-CDFC-40A7-8FBD-40A6B4FCBEAA}.Release|Mixed Platforms.ActiveCfg = Release|Any CPU
		{58EC48B9-CDFC-40A7-8FBD-40A6B4FCBEAA}.Release|Mixed Platforms.Build.0 = Release|Any CPU
		{58EC48B9-CDFC-40A7-8FBD-40A6B4FCBEAA}.Release|x86.ActiveCfg = Release|Any CPU
		{DBED4848-DDAF-4D8B-B3A1-C75345C09205}.Debug|Any CPU.ActiveCfg = Debug|Any CPU
		{DBED4848-DDAF-4D8B-B3A1-C75345C09205}.Debug|Any CPU.Build.0 = Debug|Any CPU
		{DBED4848-DDAF-4D8B-B3A1-C75345C09205}.Debug|Mixed Platforms.ActiveCfg = Debug|Any CPU
		{DBED4848-DDAF-4D8B-B3A1-C75345C09205}.Debug|Mixed Platforms.Build.0 = Debug|Any CPU
		{DBED4848-DDAF-4D8B-B3A1-C75345C09205}.Debug|x86.ActiveCfg = Debug|Any CPU
		{DBED4848-DDAF-4D8B-B3A1-C75345C09205}.Release|Any CPU.ActiveCfg = Release|Any CPU
		{DBED4848-DDAF-4D8B-B3A1-C75345C09205}.Release|Any CPU.Build.0 = Release|Any CPU
		{DBED4848-DDAF-4D8B-B3A1-C75345C09205}.Release|Mixed Platforms.ActiveCfg = Release|Any CPU
		{DBED4848-DDAF-4D8B-B3A1-C75345C09205}.Release|Mixed Platforms.Build.0 = Release|Any CPU
		{DBED4848-DDAF-4D8B-B3A1-C75345C09205}.Release|x86.ActiveCfg = Release|Any CPU
		{EF6ED2C7-9CF2-49B9-AD60-40C90F07779B}.Debug|Any CPU.ActiveCfg = Debug|Any CPU
		{EF6ED2C7-9CF2-49B9-AD60-40C90F07779B}.Debug|Any CPU.Build.0 = Debug|Any CPU
		{EF6ED2C7-9CF2-49B9-AD60-40C90F07779B}.Debug|Mixed Platforms.ActiveCfg = Debug|Any CPU
		{EF6ED2C7-9CF2-49B9-AD60-40C90F07779B}.Debug|Mixed Platforms.Build.0 = Debug|Any CPU
		{EF6ED2C7-9CF2-49B9-AD60-40C90F07779B}.Debug|x86.ActiveCfg = Debug|Any CPU
		{EF6ED2C7-9CF2-49B9-AD60-40C90F07779B}.Release|Any CPU.ActiveCfg = Release|Any CPU
		{EF6ED2C7-9CF2-49B9-AD60-40C90F07779B}.Release|Any CPU.Build.0 = Release|Any CPU
		{EF6ED2C7-9CF2-49B9-AD60-40C90F07779B}.Release|Mixed Platforms.ActiveCfg = Release|Any CPU
		{EF6ED2C7-9CF2-49B9-AD60-40C90F07779B}.Release|Mixed Platforms.Build.0 = Release|Any CPU
		{EF6ED2C7-9CF2-49B9-AD60-40C90F07779B}.Release|x86.ActiveCfg = Release|Any CPU
		{E549B1E3-426E-4610-A01F-5D185D8AE099}.Debug|Any CPU.ActiveCfg = Debug|Any CPU
		{E549B1E3-426E-4610-A01F-5D185D8AE099}.Debug|Any CPU.Build.0 = Debug|Any CPU
		{E549B1E3-426E-4610-A01F-5D185D8AE099}.Debug|Mixed Platforms.ActiveCfg = Debug|Any CPU
		{E549B1E3-426E-4610-A01F-5D185D8AE099}.Debug|Mixed Platforms.Build.0 = Debug|Any CPU
		{E549B1E3-426E-4610-A01F-5D185D8AE099}.Debug|x86.ActiveCfg = Debug|Any CPU
		{E549B1E3-426E-4610-A01F-5D185D8AE099}.Release|Any CPU.ActiveCfg = Release|Any CPU
		{E549B1E3-426E-4610-A01F-5D185D8AE099}.Release|Any CPU.Build.0 = Release|Any CPU
		{E549B1E3-426E-4610-A01F-5D185D8AE099}.Release|Mixed Platforms.ActiveCfg = Release|Any CPU
		{E549B1E3-426E-4610-A01F-5D185D8AE099}.Release|Mixed Platforms.Build.0 = Release|Any CPU
		{E549B1E3-426E-4610-A01F-5D185D8AE099}.Release|x86.ActiveCfg = Release|Any CPU
		{B9F0D717-6C11-45C3-83D9-71C53B476388}.Debug|Any CPU.ActiveCfg = Debug|Any CPU
		{B9F0D717-6C11-45C3-83D9-71C53B476388}.Debug|Any CPU.Build.0 = Debug|Any CPU
		{B9F0D717-6C11-45C3-83D9-71C53B476388}.Debug|Mixed Platforms.ActiveCfg = Debug|Any CPU
		{B9F0D717-6C11-45C3-83D9-71C53B476388}.Debug|Mixed Platforms.Build.0 = Debug|Any CPU
		{B9F0D717-6C11-45C3-83D9-71C53B476388}.Debug|x86.ActiveCfg = Debug|Any CPU
		{B9F0D717-6C11-45C3-83D9-71C53B476388}.Release|Any CPU.ActiveCfg = Release|Any CPU
		{B9F0D717-6C11-45C3-83D9-71C53B476388}.Release|Any CPU.Build.0 = Release|Any CPU
		{B9F0D717-6C11-45C3-83D9-71C53B476388}.Release|Mixed Platforms.ActiveCfg = Release|Any CPU
		{B9F0D717-6C11-45C3-83D9-71C53B476388}.Release|Mixed Platforms.Build.0 = Release|Any CPU
		{B9F0D717-6C11-45C3-83D9-71C53B476388}.Release|x86.ActiveCfg = Release|Any CPU
		{76A85F3E-57A8-46AC-825F-172AADC89B0F}.Debug|Any CPU.ActiveCfg = Debug|Any CPU
		{76A85F3E-57A8-46AC-825F-172AADC89B0F}.Debug|Any CPU.Build.0 = Debug|Any CPU
		{76A85F3E-57A8-46AC-825F-172AADC89B0F}.Debug|Mixed Platforms.ActiveCfg = Debug|Any CPU
		{76A85F3E-57A8-46AC-825F-172AADC89B0F}.Debug|Mixed Platforms.Build.0 = Debug|Any CPU
		{76A85F3E-57A8-46AC-825F-172AADC89B0F}.Debug|x86.ActiveCfg = Debug|Any CPU
		{76A85F3E-57A8-46AC-825F-172AADC89B0F}.Release|Any CPU.ActiveCfg = Release|Any CPU
		{76A85F3E-57A8-46AC-825F-172AADC89B0F}.Release|Any CPU.Build.0 = Release|Any CPU
		{76A85F3E-57A8-46AC-825F-172AADC89B0F}.Release|Mixed Platforms.ActiveCfg = Release|Any CPU
		{76A85F3E-57A8-46AC-825F-172AADC89B0F}.Release|Mixed Platforms.Build.0 = Release|Any CPU
		{76A85F3E-57A8-46AC-825F-172AADC89B0F}.Release|x86.ActiveCfg = Release|Any CPU
		{8B2E2597-E729-4365-8E02-B2B6D7BD0DCC}.Debug|Any CPU.ActiveCfg = Debug|Any CPU
		{8B2E2597-E729-4365-8E02-B2B6D7BD0DCC}.Debug|Any CPU.Build.0 = Debug|Any CPU
		{8B2E2597-E729-4365-8E02-B2B6D7BD0DCC}.Debug|Mixed Platforms.ActiveCfg = Debug|Any CPU
		{8B2E2597-E729-4365-8E02-B2B6D7BD0DCC}.Debug|Mixed Platforms.Build.0 = Debug|Any CPU
		{8B2E2597-E729-4365-8E02-B2B6D7BD0DCC}.Debug|x86.ActiveCfg = Debug|Any CPU
		{8B2E2597-E729-4365-8E02-B2B6D7BD0DCC}.Release|Any CPU.ActiveCfg = Release|Any CPU
		{8B2E2597-E729-4365-8E02-B2B6D7BD0DCC}.Release|Any CPU.Build.0 = Release|Any CPU
		{8B2E2597-E729-4365-8E02-B2B6D7BD0DCC}.Release|Mixed Platforms.ActiveCfg = Release|Any CPU
		{8B2E2597-E729-4365-8E02-B2B6D7BD0DCC}.Release|Mixed Platforms.Build.0 = Release|Any CPU
		{8B2E2597-E729-4365-8E02-B2B6D7BD0DCC}.Release|x86.ActiveCfg = Release|Any CPU
		{E9C79DAA-8CBC-43EB-ABD3-2266EE3CA3D7}.Debug|Any CPU.ActiveCfg = Debug|Any CPU
		{E9C79DAA-8CBC-43EB-ABD3-2266EE3CA3D7}.Debug|Any CPU.Build.0 = Debug|Any CPU
		{E9C79DAA-8CBC-43EB-ABD3-2266EE3CA3D7}.Debug|Mixed Platforms.ActiveCfg = Debug|Any CPU
		{E9C79DAA-8CBC-43EB-ABD3-2266EE3CA3D7}.Debug|Mixed Platforms.Build.0 = Debug|Any CPU
		{E9C79DAA-8CBC-43EB-ABD3-2266EE3CA3D7}.Debug|x86.ActiveCfg = Debug|Any CPU
		{E9C79DAA-8CBC-43EB-ABD3-2266EE3CA3D7}.Release|Any CPU.ActiveCfg = Release|Any CPU
		{E9C79DAA-8CBC-43EB-ABD3-2266EE3CA3D7}.Release|Any CPU.Build.0 = Release|Any CPU
		{E9C79DAA-8CBC-43EB-ABD3-2266EE3CA3D7}.Release|Mixed Platforms.ActiveCfg = Release|Any CPU
		{E9C79DAA-8CBC-43EB-ABD3-2266EE3CA3D7}.Release|Mixed Platforms.Build.0 = Release|Any CPU
		{E9C79DAA-8CBC-43EB-ABD3-2266EE3CA3D7}.Release|x86.ActiveCfg = Release|Any CPU
		{AA3612DF-1758-409A-A6C0-7A4E44333640}.Debug|Any CPU.ActiveCfg = Debug|Any CPU
		{AA3612DF-1758-409A-A6C0-7A4E44333640}.Debug|Any CPU.Build.0 = Debug|Any CPU
		{AA3612DF-1758-409A-A6C0-7A4E44333640}.Debug|Mixed Platforms.ActiveCfg = Debug|Any CPU
		{AA3612DF-1758-409A-A6C0-7A4E44333640}.Debug|Mixed Platforms.Build.0 = Debug|Any CPU
		{AA3612DF-1758-409A-A6C0-7A4E44333640}.Debug|x86.ActiveCfg = Debug|Any CPU
		{AA3612DF-1758-409A-A6C0-7A4E44333640}.Release|Any CPU.ActiveCfg = Release|Any CPU
		{AA3612DF-1758-409A-A6C0-7A4E44333640}.Release|Any CPU.Build.0 = Release|Any CPU
		{AA3612DF-1758-409A-A6C0-7A4E44333640}.Release|Mixed Platforms.ActiveCfg = Release|Any CPU
		{AA3612DF-1758-409A-A6C0-7A4E44333640}.Release|Mixed Platforms.Build.0 = Release|Any CPU
		{AA3612DF-1758-409A-A6C0-7A4E44333640}.Release|x86.ActiveCfg = Release|Any CPU
		{D6011FC1-B848-4BEE-8746-3BCE9C622052}.Debug|Any CPU.ActiveCfg = Debug|Any CPU
		{D6011FC1-B848-4BEE-8746-3BCE9C622052}.Debug|Any CPU.Build.0 = Debug|Any CPU
		{D6011FC1-B848-4BEE-8746-3BCE9C622052}.Debug|Mixed Platforms.ActiveCfg = Debug|Any CPU
		{D6011FC1-B848-4BEE-8746-3BCE9C622052}.Debug|Mixed Platforms.Build.0 = Debug|Any CPU
		{D6011FC1-B848-4BEE-8746-3BCE9C622052}.Debug|x86.ActiveCfg = Debug|Any CPU
		{D6011FC1-B848-4BEE-8746-3BCE9C622052}.Release|Any CPU.ActiveCfg = Release|Any CPU
		{D6011FC1-B848-4BEE-8746-3BCE9C622052}.Release|Any CPU.Build.0 = Release|Any CPU
		{D6011FC1-B848-4BEE-8746-3BCE9C622052}.Release|Mixed Platforms.ActiveCfg = Release|Any CPU
		{D6011FC1-B848-4BEE-8746-3BCE9C622052}.Release|Mixed Platforms.Build.0 = Release|Any CPU
		{D6011FC1-B848-4BEE-8746-3BCE9C622052}.Release|x86.ActiveCfg = Release|Any CPU
		{FF4C55EA-DF86-4F1E-A5F5-C511EFB3EA9F}.Debug|Any CPU.ActiveCfg = Debug|x86
		{FF4C55EA-DF86-4F1E-A5F5-C511EFB3EA9F}.Debug|Mixed Platforms.ActiveCfg = Debug|x86
		{FF4C55EA-DF86-4F1E-A5F5-C511EFB3EA9F}.Debug|Mixed Platforms.Build.0 = Debug|x86
		{FF4C55EA-DF86-4F1E-A5F5-C511EFB3EA9F}.Debug|x86.ActiveCfg = Debug|x86
		{FF4C55EA-DF86-4F1E-A5F5-C511EFB3EA9F}.Debug|x86.Build.0 = Debug|x86
		{FF4C55EA-DF86-4F1E-A5F5-C511EFB3EA9F}.Release|Any CPU.ActiveCfg = Release|x86
		{FF4C55EA-DF86-4F1E-A5F5-C511EFB3EA9F}.Release|Mixed Platforms.ActiveCfg = Release|x86
		{FF4C55EA-DF86-4F1E-A5F5-C511EFB3EA9F}.Release|Mixed Platforms.Build.0 = Release|x86
		{FF4C55EA-DF86-4F1E-A5F5-C511EFB3EA9F}.Release|x86.ActiveCfg = Release|x86
		{FF4C55EA-DF86-4F1E-A5F5-C511EFB3EA9F}.Release|x86.Build.0 = Release|x86
	EndGlobalSection
	GlobalSection(SolutionProperties) = preSolution
		HideSolutionNode = FALSE
	EndGlobalSection
	GlobalSection(NestedProjects) = preSolution
		{76A85F3E-57A8-46AC-825F-172AADC89B0F} = {AA0A7228-FDB5-4297-BA98-0CB9BDB2EF57}
		{8B2E2597-E729-4365-8E02-B2B6D7BD0DCC} = {AA0A7228-FDB5-4297-BA98-0CB9BDB2EF57}
		{AA3612DF-1758-409A-A6C0-7A4E44333640} = {AA0A7228-FDB5-4297-BA98-0CB9BDB2EF57}
		{D6011FC1-B848-4BEE-8746-3BCE9C622052} = {AA0A7228-FDB5-4297-BA98-0CB9BDB2EF57}
		{DF87EC6A-03FF-486D-9A11-EFB61AC746DB} = {2C8A26FB-3D94-4E30-808B-C603EDDCB641}
		{38FF4846-B017-4798-A488-A76838990EEC} = {2C8A26FB-3D94-4E30-808B-C603EDDCB641}
		{EB0C3C0A-9AF0-40DA-8090-AAC1F58937A6} = {DF87EC6A-03FF-486D-9A11-EFB61AC746DB}
		{B97F65B2-3833-49CA-ABA1-989C48A85B6E} = {DF87EC6A-03FF-486D-9A11-EFB61AC746DB}
		{F75CD6F8-7CBA-4908-A39A-E28857155364} = {DF87EC6A-03FF-486D-9A11-EFB61AC746DB}
		{7A61F007-E25C-4337-81CE-FF946C5B72BE} = {DF87EC6A-03FF-486D-9A11-EFB61AC746DB}
		{EFCFB176-E186-465D-BA17-6440042A6E6A} = {DF87EC6A-03FF-486D-9A11-EFB61AC746DB}
		{B0835930-71A2-47A6-B1BA-15C424C6F4D7} = {CFEBC966-E50B-4F32-9033-97B28E03B9E6}
		{9D239565-9CB0-4B8E-9617-32D145435D7A} = {CFEBC966-E50B-4F32-9033-97B28E03B9E6}
		{1C39DAAC-C2B4-48E0-BFD0-FF3A2687D2DA} = {CFEBC966-E50B-4F32-9033-97B28E03B9E6}
		{DBED4848-DDAF-4D8B-B3A1-C75345C09205} = {CFEBC966-E50B-4F32-9033-97B28E03B9E6}
		{E549B1E3-426E-4610-A01F-5D185D8AE099} = {CFEBC966-E50B-4F32-9033-97B28E03B9E6}
		{E9C79DAA-8CBC-43EB-ABD3-2266EE3CA3D7} = {CFEBC966-E50B-4F32-9033-97B28E03B9E6}
		{97990509-8D76-4981-B14C-3E98388EA1ED} = {B98F5578-4D62-4965-BCBA-E142C9A4B87A}
		{5FBA92ED-D727-4129-91F9-69429F6E15D6} = {B98F5578-4D62-4965-BCBA-E142C9A4B87A}
		{411B4591-1017-4E29-8D98-A3F4E3B28550} = {B98F5578-4D62-4965-BCBA-E142C9A4B87A}
		{5ACFAF6F-6A7E-4216-83E0-380430AB530B} = {B98F5578-4D62-4965-BCBA-E142C9A4B87A}
		{86EF59C0-EBC8-4B4F-A9EA-103968C8801D} = {B98F5578-4D62-4965-BCBA-E142C9A4B87A}
		{DF42C2F3-A0FE-4CC9-836C-B2DFCF6D7904} = {B98F5578-4D62-4965-BCBA-E142C9A4B87A}
		{BCEA6C0D-F7AF-4595-8A9A-ADE13ADA1C4C} = {B98F5578-4D62-4965-BCBA-E142C9A4B87A}
		{B21E9E77-65F8-4E75-B339-439EA04F150C} = {B98F5578-4D62-4965-BCBA-E142C9A4B87A}
		{180C6E06-57F5-4F3B-96F7-8FED4C87B52F} = {B98F5578-4D62-4965-BCBA-E142C9A4B87A}
		{EF6ED2C7-9CF2-49B9-AD60-40C90F07779B} = {B98F5578-4D62-4965-BCBA-E142C9A4B87A}
		{9B1A805C-6BE1-4B7E-A891-FBE7D1D39987} = {A5B51718-2DCD-4171-955F-D6C6A43B6705}
		{13765C15-4413-4E32-9641-4BFCE081FCCF} = {A5B51718-2DCD-4171-955F-D6C6A43B6705}
		{FF4C55EA-DF86-4F1E-A5F5-C511EFB3EA9F} = {5EF312D8-B8D3-42F4-8CF3-2A75569148F2}
		{248F9C08-8C96-454A-ADF7-28BC04416779} = {B5E91FE8-31BC-4E22-931B-26C7F02276C4}
		{DA6C12E2-8052-4018-84AA-29369719D029} = {B5E91FE8-31BC-4E22-931B-26C7F02276C4}
		{B4759CC4-BA72-412D-AD6D-46810E27CB39} = {B5E91FE8-31BC-4E22-931B-26C7F02276C4}
		{1BC1CFE1-5CE8-4539-973E-CF349D734DF5} = {38FF4846-B017-4798-A488-A76838990EEC}
		{859822AC-E046-4E71-A8EA-7742380CEFFC} = {38FF4846-B017-4798-A488-A76838990EEC}
		{9C6FF871-4B09-47D3-8079-936601B6E976} = {38FF4846-B017-4798-A488-A76838990EEC}
		{FEB78D10-7424-42DB-A27E-32451C5263FF} = {38FF4846-B017-4798-A488-A76838990EEC}
		{AAF9B4BB-70F3-4242-B12E-47DB4E091AD1} = {38FF4846-B017-4798-A488-A76838990EEC}
		{751E9C46-A798-44C0-A195-1E3BF7FA8BF3} = {9B1A805C-6BE1-4B7E-A891-FBE7D1D39987}
		{58EC48B9-CDFC-40A7-8FBD-40A6B4FCBEAA} = {13765C15-4413-4E32-9641-4BFCE081FCCF}
		{B9F0D717-6C11-45C3-83D9-71C53B476388} = {13765C15-4413-4E32-9641-4BFCE081FCCF}
	EndGlobalSection
EndGlobal
